
Microsoft Visual Studio Solution File, Format Version 12.00
# Visual Studio 15
Project("{FAE04EC0-301F-11D3-BF4B-00C04F79EFBC}") = "LEDboxClientExample.Android", "LEDboxClientExample.Android\LEDboxClientExample.Android.csproj", "{0E303810-6E4A-4A0A-B8A3-78A41A00F5A1}"
EndProject
Project("{FAE04EC0-301F-11D3-BF4B-00C04F79EFBC}") = "LEDboxClientExample.iOS", "LEDboxClientExample.iOS\LEDboxClientExample.iOS.csproj", "{212018EE-7998-42B1-819C-93DB6C674E19}"
EndProject
Project("{FAE04EC0-301F-11D3-BF4B-00C04F79EFBC}") = "LEDboxClientExample", "LEDboxClientExample\LEDboxClientExample.csproj", "{C1A32732-E5DE-46D5-BB4F-6B64E4DC96E6}"
EndProject
Global
	GlobalSection(SolutionConfigurationPlatforms) = preSolution
		Debug|Any CPU = Debug|Any CPU
		Release|Any CPU = Release|Any CPU
		Debug|iPhoneSimulator = Debug|iPhoneSimulator
		Release|iPhoneSimulator = Release|iPhoneSimulator
		Debug|iPhone = Debug|iPhone
		Release|iPhone = Release|iPhone
	EndGlobalSection
	GlobalSection(ProjectConfigurationPlatforms) = postSolution
		{0E303810-6E4A-4A0A-B8A3-78A41A00F5A1}.Debug|Any CPU.ActiveCfg = Debug|Any CPU
		{0E303810-6E4A-4A0A-B8A3-78A41A00F5A1}.Debug|Any CPU.Build.0 = Debug|Any CPU
		{0E303810-6E4A-4A0A-B8A3-78A41A00F5A1}.Release|Any CPU.ActiveCfg = Release|Any CPU
		{0E303810-6E4A-4A0A-B8A3-78A41A00F5A1}.Release|Any CPU.Build.0 = Release|Any CPU
		{0E303810-6E4A-4A0A-B8A3-78A41A00F5A1}.Debug|iPhoneSimulator.ActiveCfg = Debug|Any CPU
		{0E303810-6E4A-4A0A-B8A3-78A41A00F5A1}.Debug|iPhoneSimulator.Build.0 = Debug|Any CPU
		{0E303810-6E4A-4A0A-B8A3-78A41A00F5A1}.Release|iPhoneSimulator.ActiveCfg = Release|Any CPU
		{0E303810-6E4A-4A0A-B8A3-78A41A00F5A1}.Release|iPhoneSimulator.Build.0 = Release|Any CPU
		{0E303810-6E4A-4A0A-B8A3-78A41A00F5A1}.Debug|iPhone.ActiveCfg = Debug|Any CPU
		{0E303810-6E4A-4A0A-B8A3-78A41A00F5A1}.Debug|iPhone.Build.0 = Debug|Any CPU
		{0E303810-6E4A-4A0A-B8A3-78A41A00F5A1}.Release|iPhone.ActiveCfg = Release|Any CPU
		{0E303810-6E4A-4A0A-B8A3-78A41A00F5A1}.Release|iPhone.Build.0 = Release|Any CPU
		{212018EE-7998-42B1-819C-93DB6C674E19}.Debug|Any CPU.ActiveCfg = Debug|iPhoneSimulator
		{212018EE-7998-42B1-819C-93DB6C674E19}.Debug|Any CPU.Build.0 = Debug|iPhoneSimulator
		{212018EE-7998-42B1-819C-93DB6C674E19}.Release|Any CPU.ActiveCfg = Release|iPhoneSimulator
		{212018EE-7998-42B1-819C-93DB6C674E19}.Release|Any CPU.Build.0 = Release|iPhoneSimulator
		{212018EE-7998-42B1-819C-93DB6C674E19}.Debug|iPhoneSimulator.ActiveCfg = Debug|iPhoneSimulator
		{212018EE-7998-42B1-819C-93DB6C674E19}.Debug|iPhoneSimulator.Build.0 = Debug|iPhoneSimulator
		{212018EE-7998-42B1-819C-93DB6C674E19}.Release|iPhoneSimulator.ActiveCfg = Release|iPhoneSimulator
		{212018EE-7998-42B1-819C-93DB6C674E19}.Release|iPhoneSimulator.Build.0 = Release|iPhoneSimulator
		{212018EE-7998-42B1-819C-93DB6C674E19}.Debug|iPhone.ActiveCfg = Debug|iPhone
		{212018EE-7998-42B1-819C-93DB6C674E19}.Debug|iPhone.Build.0 = Debug|iPhone
		{212018EE-7998-42B1-819C-93DB6C674E19}.Release|iPhone.ActiveCfg = Release|iPhone
		{212018EE-7998-42B1-819C-93DB6C674E19}.Release|iPhone.Build.0 = Release|iPhone
		{C1A32732-E5DE-46D5-BB4F-6B64E4DC96E6}.Debug|Any CPU.ActiveCfg = Debug|Any CPU
		{C1A32732-E5DE-46D5-BB4F-6B64E4DC96E6}.Debug|Any CPU.Build.0 = Debug|Any CPU
		{C1A32732-E5DE-46D5-BB4F-6B64E4DC96E6}.Release|Any CPU.ActiveCfg = Release|Any CPU
		{C1A32732-E5DE-46D5-BB4F-6B64E4DC96E6}.Release|Any CPU.Build.0 = Release|Any CPU
		{C1A32732-E5DE-46D5-BB4F-6B64E4DC96E6}.Debug|iPhoneSimulator.ActiveCfg = Debug|Any CPU
		{C1A32732-E5DE-46D5-BB4F-6B64E4DC96E6}.Debug|iPhoneSimulator.Build.0 = Debug|Any CPU
		{C1A32732-E5DE-46D5-BB4F-6B64E4DC96E6}.Release|iPhoneSimulator.ActiveCfg = Release|Any CPU
		{C1A32732-E5DE-46D5-BB4F-6B64E4DC96E6}.Release|iPhoneSimulator.Build.0 = Release|Any CPU
		{C1A32732-E5DE-46D5-BB4F-6B64E4DC96E6}.Debug|iPhone.ActiveCfg = Debug|Any CPU
		{C1A32732-E5DE-46D5-BB4F-6B64E4DC96E6}.Debug|iPhone.Build.0 = Debug|Any CPU
		{C1A32732-E5DE-46D5-BB4F-6B64E4DC96E6}.Release|iPhone.ActiveCfg = Release|Any CPU
		{C1A32732-E5DE-46D5-BB4F-6B64E4DC96E6}.Release|iPhone.Build.0 = Release|Any CPU
	EndGlobalSection
	GlobalSection(MonoDevelopProperties) = preSolution
		description = "Demo client software for the connection to LEDbox "
	EndGlobalSection
EndGlobal
